
Microsoft Visual Studio Solution File, Format Version 12.00
# Visual Studio Version 17
VisualStudioVersion = 17.7.34221.43
MinimumVisualStudioVersion = 10.0.40219.1
Project("{FAE04EC0-301F-11D3-BF4B-00C04F79EFBC}") = "ContainsKey i TryGetValue", "ContainsKey i TryGetValue\ContainsKey i TryGetValue.csproj", "{3D0AD802-9A30-4C1A-A621-017A3EC71312}"
EndProject
Global
	GlobalSection(SolutionConfigurationPlatforms) = preSolution
		Debug|Any CPU = Debug|Any CPU
		Release|Any CPU = Release|Any CPU
	EndGlobalSection
	GlobalSection(ProjectConfigurationPlatforms) = postSolution
		{3D0AD802-9A30-4C1A-A621-017A3EC71312}.Debug|Any CPU.ActiveCfg = Debug|Any CPU
		{3D0AD802-9A30-4C1A-A621-017A3EC71312}.Debug|Any CPU.Build.0 = Debug|Any CPU
		{3D0AD802-9A30-4C1A-A621-017A3EC71312}.Release|Any CPU.ActiveCfg = Release|Any CPU
		{3D0AD802-9A30-4C1A-A621-017A3EC71312}.Release|Any CPU.Build.0 = Release|Any CPU
	EndGlobalSection
	GlobalSection(SolutionProperties) = preSolution
		HideSolutionNode = FALSE
	EndGlobalSection
	GlobalSection(ExtensibilityGlobals) = postSolution
		SolutionGuid = {515A4840-4212-4DAC-8EC1-8E7E13288B18}
	EndGlobalSection
EndGlobal
